<?xml version="1.0" encoding="utf-8"?>
<Project ToolsVersion="4.0" xmlns="http://schemas.microsoft.com/developer/msbuild/2003">
  <ItemGroup>
    <ClInclude Include="..\..\Render\Camera.h">
      <Filter>头文件</Filter>
    </ClInclude>
    <ClInclude Include="..\..\Render\Mesh.h">
      <Filter>头文件</Filter>
    </ClInclude>
    <ClInclude Include="..\..\Render\Model.h">
      <Filter>头文件</Filter>
    </ClInclude>
    <ClInclude Include="..\..\Render\models.h">
      <Filter>头文件</Filter>
    </ClInclude>
    <ClInclude Include="..\..\Render\objLoader.h">
      <Filter>头文件</Filter>
    </ClInclude>
    <ClInclude Include="..\..\Render\Render.h">
      <Filter>头文件</Filter>
    </ClInclude>
    <ClInclude Include="..\..\Render\Shader.h">
      <Filter>头文件</Filter>
    </ClInclude>
    <ClInclude Include="..\..\Render\Cluster.h">
      <Filter>头文件</Filter>
    </ClInclude>
    <ClInclude Include="..\..\Render\ResourceManager.h">
      <Filter>头文件</Filter>
    </ClInclude>
    <ClInclude Include="..\..\Render\UI.h">
      <Filter>头文件</Filter>
    </ClInclude>
    <ClInclude Include="..\..\Render\RenderUtils.h">
      <Filter>头文件</Filter>
    </ClInclude>
    <ClInclude Include="..\..\Common\include\imconfig.h">
      <Filter>imgui</Filter>
    </ClInclude>
    <ClInclude Include="..\..\Common\include\imgui.h">
      <Filter>imgui</Filter>
    </ClInclude>
    <ClInclude Include="..\..\Common\include\imgui_impl_glfw.h">
      <Filter>imgui</Filter>
    </ClInclude>
    <ClInclude Include="..\..\Common\include\imgui_impl_opengl3.h">
      <Filter>imgui</Filter>
    </ClInclude>
    <ClInclude Include="..\..\Common\include\imgui_internal.h">
      <Filter>imgui</Filter>
    </ClInclude>
    <ClInclude Include="..\..\Common\include\imstb_rectpack.h">
      <Filter>imgui</Filter>
    </ClInclude>
    <ClInclude Include="..\..\Common\include\imstb_textedit.h">
      <Filter>imgui</Filter>
    </ClInclude>
    <ClInclude Include="..\..\Common\include\imstb_truetype.h">
      <Filter>imgui</Filter>
    </ClInclude>
  </ItemGroup>
  <ItemGroup>
    <Filter Include="源文件">
      <UniqueIdentifier>{9e143b1e-7f20-49a5-bb36-a405be467428}</UniqueIdentifier>
    </Filter>
    <Filter Include="资源文件">
      <UniqueIdentifier>{5f3c841b-538e-4248-a05d-d22e67a3108c}</UniqueIdentifier>
    </Filter>
    <Filter Include="资源文件\shader">
      <UniqueIdentifier>{baf4d9fa-215f-4b2a-b2d0-551b2dd58ca4}</UniqueIdentifier>
    </Filter>
    <Filter Include="资源文件\shader\envShader">
      <UniqueIdentifier>{b2f96203-24a8-42a8-85e8-b7e580acfdf8}</UniqueIdentifier>
    </Filter>
    <Filter Include="资源文件\shader\skyBoxShader">
      <UniqueIdentifier>{5dd7e11a-33e7-4254-9ef5-a23801e64823}</UniqueIdentifier>
    </Filter>
    <Filter Include="资源文件\icon">
      <UniqueIdentifier>{c288314c-001e-46b3-b994-243da2f39cab}</UniqueIdentifier>
    </Filter>
    <Filter Include="资源文件\image">
      <UniqueIdentifier>{df9d4fa3-a6be-4c27-a424-651de5a4f49d}</UniqueIdentifier>
    </Filter>
    <Filter Include="头文件">
      <UniqueIdentifier>{dabfa763-d14d-491a-bd37-f85739b43925}</UniqueIdentifier>
    </Filter>
    <Filter Include="资源文件\shader\smokeShader">
      <UniqueIdentifier>{cd566769-0113-4b79-8c3c-7cc337f3e1cd}</UniqueIdentifier>
    </Filter>
    <Filter Include="资源文件\shader\cloudShader">
      <UniqueIdentifier>{0244eaeb-2f23-4eca-b830-887f029a3294}</UniqueIdentifier>
    </Filter>
    <Filter Include="资源文件\shader\flameShader">
      <UniqueIdentifier>{a5fa16d6-b270-47f4-95cc-0734afe1db32}</UniqueIdentifier>
    </Filter>
    <Filter Include="资源文件\shader\debrisShader">
      <UniqueIdentifier>{bb7ad06d-4fa2-49f3-a188-002c2f536c2e}</UniqueIdentifier>
    </Filter>
    <Filter Include="资源文件\shader\HPBarShader">
      <UniqueIdentifier>{d619b263-538b-4fab-9699-de0c5ce7403f}</UniqueIdentifier>
    </Filter>
    <Filter Include="imgui">
      <UniqueIdentifier>{788d2eae-7a38-4e55-885e-fe3338b358ab}</UniqueIdentifier>
    </Filter>
  </ItemGroup>
  <ItemGroup>
    <ClCompile Include="..\..\Render\Render.cpp">
      <Filter>源文件</Filter>
    </ClCompile>
    <ClCompile Include="..\..\Render\objLoader.cpp">
      <Filter>源文件</Filter>
    </ClCompile>
    <ClCompile Include="..\..\Render\models.cpp">
      <Filter>源文件</Filter>
    </ClCompile>
    <ClCompile Include="..\..\Render\glad.c">
      <Filter>源文件</Filter>
    </ClCompile>
    <ClCompile Include="..\..\Render\Camera.cpp">
      <Filter>源文件</Filter>
    </ClCompile>
    <ClCompile Include="..\..\Render\Cluster.cpp">
      <Filter>源文件</Filter>
    </ClCompile>
    <ClCompile Include="..\..\Render\ResourceManager.cpp">
      <Filter>源文件</Filter>
    </ClCompile>
    <ClCompile Include="..\..\Render\UI.cpp">
      <Filter>源文件</Filter>
    </ClCompile>
    <ClCompile Include="..\..\Render\RenderUtils.cpp">
      <Filter>源文件</Filter>
    </ClCompile>
    <ClCompile Include="..\..\Common\include\imgui.cpp">
      <Filter>imgui</Filter>
    </ClCompile>
    <ClCompile Include="..\..\Common\include\imgui_demo.cpp">
      <Filter>imgui</Filter>
    </ClCompile>
    <ClCompile Include="..\..\Common\include\imgui_draw.cpp">
      <Filter>imgui</Filter>
    </ClCompile>
    <ClCompile Include="..\..\Common\include\imgui_impl_glfw.cpp">
      <Filter>imgui</Filter>
    </ClCompile>
    <ClCompile Include="..\..\Common\include\imgui_impl_opengl3.cpp">
      <Filter>imgui</Filter>
    </ClCompile>
    <ClCompile Include="..\..\Common\include\imgui_tables.cpp">
      <Filter>imgui</Filter>
    </ClCompile>
    <ClCompile Include="..\..\Common\include\imgui_widgets.cpp">
      <Filter>imgui</Filter>
    </ClCompile>
  </ItemGroup>
  <ItemGroup>
    <None Include="shaders\cloudShader\cloud.fs">
      <Filter>资源文件\shader\cloudShader</Filter>
    </None>
    <None Include="shaders\cloudShader\cloud.vs">
      <Filter>资源文件\shader\cloudShader</Filter>
    </None>
    <None Include="shaders\envShader\env.fs">
      <Filter>资源文件\shader\envShader</Filter>
    </None>
    <None Include="shaders\envShader\env.vs">
      <Filter>资源文件\shader\envShader</Filter>
    </None>
    <None Include="shaders\flameShader\flame.fs">
      <Filter>资源文件\shader\flameShader</Filter>
    </None>
    <None Include="shaders\flameShader\flame.vs">
      <Filter>资源文件\shader\flameShader</Filter>
    </None>
    <None Include="shaders\skyboxShader\skybox.fs">
      <Filter>资源文件\shader\skyBoxShader</Filter>
    </None>
    <None Include="shaders\skyboxShader\skybox.vs">
      <Filter>资源文件\shader\skyBoxShader</Filter>
    </None>
    <None Include="shaders\smokeShader\smoke.fs">
      <Filter>资源文件\shader\smokeShader</Filter>
    </None>
    <None Include="shaders\smokeShader\smoke.vs">
      <Filter>资源文件\shader\smokeShader</Filter>
    </None>
    <None Include="shaders\debrisShader\debris.fs">
      <Filter>资源文件\shader\debrisShader</Filter>
    </None>
    <None Include="shaders\debrisShader\debris.vs">
      <Filter>资源文件\shader\debrisShader</Filter>
    </None>
    <None Include="shaders\HPBarShader\HPBar.vs">
      <Filter>资源文件\shader\HPBarShader</Filter>
    </None>
    <None Include="shaders\HPBarShader\HPBarBorder.fs">
      <Filter>资源文件\shader\HPBarShader</Filter>
    </None>
    <None Include="shaders\HPBarShader\HPBarFill.fs">
      <Filter>资源文件\shader\HPBarShader</Filter>
    </None>
  </ItemGroup>
  <ItemGroup>
    <Image Include="images\icon\icon.png">
      <Filter>资源文件\icon</Filter>
    </Image>
  </ItemGroup>
</Project>