<?xml version="1.0" encoding="utf-8"?>
<Project ToolsVersion="4.0" xmlns="http://schemas.microsoft.com/developer/msbuild/2003">
  <ItemGroup>
    <ClCompile Include="..\..\Utils\module.cpp">
      <Filter>源文件</Filter>
    </ClCompile>
    <ClCompile Include="..\..\Utils\Utils.cpp">
      <Filter>源文件</Filter>
    </ClCompile>
    <ClCompile Include="..\..\Utils\Convert.cpp">
      <Filter>源文件</Filter>
    </ClCompile>
  </ItemGroup>
  <ItemGroup>
    <ClInclude Include="..\..\Utils\module.h">
      <Filter>头文件</Filter>
    </ClInclude>
    <ClInclude Include="..\..\Utils\PxSimulationEventCallback.h">
      <Filter>头文件</Filter>
    </ClInclude>
    <ClInclude Include="..\..\Utils\Utils.h">
      <Filter>头文件</Filter>
    </ClInclude>
    <ClInclude Include="..\..\Utils\Convert.h">
      <Filter>头文件</Filter>
    </ClInclude>
  </ItemGroup>
  <ItemGroup>
    <Filter Include="源文件">
      <UniqueIdentifier>{e9378917-0787-4fad-bbea-43869d5b5d45}</UniqueIdentifier>
    </Filter>
    <Filter Include="头文件">
      <UniqueIdentifier>{8610d6f3-b668-4c91-85b4-f89b5701ba3a}</UniqueIdentifier>
    </Filter>
  </ItemGroup>
</Project>